
Microsoft Visual Studio Solution File, Format Version 12.00
# Visual Studio Version 16
VisualStudioVersion = 16.0.32802.440
MinimumVisualStudioVersion = 10.0.40219.1
Project("{9A19103F-16F7-4668-BE54-9A1E7A4F7556}") = "DataAccess", "DataAccess\DataAccess.csproj", "{D35B4973-F932-402E-AA79-C1CF1B754B27}"
EndProject
Project("{9A19103F-16F7-4668-BE54-9A1E7A4F7556}") = "Business", "Business\Business.csproj", "{C4DB7982-6302-491B-AD18-79CF971E9636}"
EndProject
Project("{9A19103F-16F7-4668-BE54-9A1E7A4F7556}") = "Entities", "Entities\Entities.csproj", "{89DCED43-1D00-4C47-B226-95EEA42967A5}"
EndProject
Project("{9A19103F-16F7-4668-BE54-9A1E7A4F7556}") = "ConsoleUI", "ConsoleUI\ConsoleUI.csproj", "{8A5A3EAD-398A-454D-A890-4B71B68499D7}"
EndProject
Project("{FAE04EC0-301F-11D3-BF4B-00C04F79EFBC}") = "Core", "Core\Core.csproj", "{BE13951A-36C7-4502-9535-FC9A4F49D420}"
EndProject
Global
	GlobalSection(SolutionConfigurationPlatforms) = preSolution
		Debug|Any CPU = Debug|Any CPU
		Release|Any CPU = Release|Any CPU
	EndGlobalSection
	GlobalSection(ProjectConfigurationPlatforms) = postSolution
		{D35B4973-F932-402E-AA79-C1CF1B754B27}.Debug|Any CPU.ActiveCfg = Debug|Any CPU
		{D35B4973-F932-402E-AA79-C1CF1B754B27}.Debug|Any CPU.Build.0 = Debug|Any CPU
		{D35B4973-F932-402E-AA79-C1CF1B754B27}.Release|Any CPU.ActiveCfg = Release|Any CPU
		{D35B4973-F932-402E-AA79-C1CF1B754B27}.Release|Any CPU.Build.0 = Release|Any CPU
		{C4DB7982-6302-491B-AD18-79CF971E9636}.Debug|Any CPU.ActiveCfg = Debug|Any CPU
		{C4DB7982-6302-491B-AD18-79CF971E9636}.Debug|Any CPU.Build.0 = Debug|Any CPU
		{C4DB7982-6302-491B-AD18-79CF971E9636}.Release|Any CPU.ActiveCfg = Release|Any CPU
		{C4DB7982-6302-491B-AD18-79CF971E9636}.Release|Any CPU.Build.0 = Release|Any CPU
		{89DCED43-1D00-4C47-B226-95EEA42967A5}.Debug|Any CPU.ActiveCfg = Debug|Any CPU
		{89DCED43-1D00-4C47-B226-95EEA42967A5}.Debug|Any CPU.Build.0 = Debug|Any CPU
		{89DCED43-1D00-4C47-B226-95EEA42967A5}.Release|Any CPU.ActiveCfg = Release|Any CPU
		{89DCED43-1D00-4C47-B226-95EEA42967A5}.Release|Any CPU.Build.0 = Release|Any CPU
		{8A5A3EAD-398A-454D-A890-4B71B68499D7}.Debug|Any CPU.ActiveCfg = Debug|Any CPU
		{8A5A3EAD-398A-454D-A890-4B71B68499D7}.Debug|Any CPU.Build.0 = Debug|Any CPU
		{8A5A3EAD-398A-454D-A890-4B71B68499D7}.Release|Any CPU.ActiveCfg = Release|Any CPU
		{8A5A3EAD-398A-454D-A890-4B71B68499D7}.Release|Any CPU.Build.0 = Release|Any CPU
		{BE13951A-36C7-4502-9535-FC9A4F49D420}.Debug|Any CPU.ActiveCfg = Debug|Any CPU
		{BE13951A-36C7-4502-9535-FC9A4F49D420}.Debug|Any CPU.Build.0 = Debug|Any CPU
		{BE13951A-36C7-4502-9535-FC9A4F49D420}.Release|Any CPU.ActiveCfg = Release|Any CPU
		{BE13951A-36C7-4502-9535-FC9A4F49D420}.Release|Any CPU.Build.0 = Release|Any CPU
	EndGlobalSection
	GlobalSection(SolutionProperties) = preSolution
		HideSolutionNode = FALSE
	EndGlobalSection
	GlobalSection(ExtensibilityGlobals) = postSolution
		SolutionGuid = {983D9A52-DE8D-4ADE-99AE-10DF2F7A1E29}
	EndGlobalSection
EndGlobal
